
Microsoft Visual Studio Solution File, Format Version 12.00
# Visual Studio Version 16
VisualStudioVersion = 16.0.29905.134
MinimumVisualStudioVersion = 10.0.40219.1
Project("{FAE04EC0-301F-11D3-BF4B-00C04F79EFBC}") = "OrderProcessing.BRE", "OrderProcessing.BRE\OrderProcessing.BRE.csproj", "{1F3B9AA5-9E4B-44D6-87B3-1B288D626756}"
EndProject
Project("{FAE04EC0-301F-11D3-BF4B-00C04F79EFBC}") = "OrderProcessing.BRE.Test", "OrderProcessing.BRE.Test\OrderProcessing.BRE.Test.csproj", "{BE267F07-1995-4DC5-AC8A-C9926B313BAE}"
EndProject
Global
	GlobalSection(SolutionConfigurationPlatforms) = preSolution
		Debug|Any CPU = Debug|Any CPU
		Release|Any CPU = Release|Any CPU
	EndGlobalSection
	GlobalSection(ProjectConfigurationPlatforms) = postSolution
		{1F3B9AA5-9E4B-44D6-87B3-1B288D626756}.Debug|Any CPU.ActiveCfg = Debug|Any CPU
		{1F3B9AA5-9E4B-44D6-87B3-1B288D626756}.Debug|Any CPU.Build.0 = Debug|Any CPU
		{1F3B9AA5-9E4B-44D6-87B3-1B288D626756}.Release|Any CPU.ActiveCfg = Release|Any CPU
		{1F3B9AA5-9E4B-44D6-87B3-1B288D626756}.Release|Any CPU.Build.0 = Release|Any CPU
		{BE267F07-1995-4DC5-AC8A-C9926B313BAE}.Debug|Any CPU.ActiveCfg = Debug|Any CPU
		{BE267F07-1995-4DC5-AC8A-C9926B313BAE}.Debug|Any CPU.Build.0 = Debug|Any CPU
		{BE267F07-1995-4DC5-AC8A-C9926B313BAE}.Release|Any CPU.ActiveCfg = Release|Any CPU
		{BE267F07-1995-4DC5-AC8A-C9926B313BAE}.Release|Any CPU.Build.0 = Release|Any CPU
	EndGlobalSection
	GlobalSection(SolutionProperties) = preSolution
		HideSolutionNode = FALSE
	EndGlobalSection
	GlobalSection(ExtensibilityGlobals) = postSolution
		SolutionGuid = {B1DFA62A-977A-4B1F-85BF-27D2DF1DE02B}
	EndGlobalSection
EndGlobal
